<?xml version="1.0" encoding="utf-8"?>
<Project ToolsVersion="4.0" xmlns="http://schemas.microsoft.com/developer/msbuild/2003">
  <ItemGroup>
    <Filter Include="Header Files">
      <UniqueIdentifier>{93995380-89BD-4b04-88EB-625FBE52EBFB}</UniqueIdentifier>
      <Extensions>h;hh;hpp;hxx;hm;inl;inc;xsd</Extensions>
    </Filter>
    <Filter Include="Resource Files">
      <UniqueIdentifier>{67DA6AB6-F800-4c08-8B7A-83BB121AAD01}</UniqueIdentifier>
      <Extensions>rc;ico;cur;bmp;dlg;rc2;rct;bin;rgs;gif;jpg;jpeg;jpe;resx;tiff;tif;png;wav;mfcribbon-ms</Extensions>
    </Filter>
    <Filter Include="peripheral">
      <UniqueIdentifier>{8e5e8e86-61de-4400-bc87-9882d23f80b0}</UniqueIdentifier>
    </Filter>
    <Filter Include="peripheral\header">
      <UniqueIdentifier>{5a05d265-b32e-4399-9fbd-931b3b0be584}</UniqueIdentifier>
      <Extensions>h;hh;hpp;hxx;hm;inl;inc;xsd</Extensions>
    </Filter>
    <Filter Include="peripheral\source">
      <UniqueIdentifier>{0331c73c-5716-43bd-a435-2ed6e0b5999b}</UniqueIdentifier>
      <Extensions>cpp;c;cc;cxx;def;odl;idl;hpj;bat;asm;asmx</Extensions>
    </Filter>
    <Filter Include="utils">
      <UniqueIdentifier>{7492051d-9540-415b-b623-46b80c5f0577}</UniqueIdentifier>
    </Filter>
    <Filter Include="utils\header">
      <UniqueIdentifier>{9ab2f623-714d-45f8-bddf-f73617228341}</UniqueIdentifier>
      <Extensions>h;hh;hpp;hxx;hm;inl;inc;xsd</Extensions>
    </Filter>
    <Filter Include="utils\source">
      <UniqueIdentifier>{764c9bee-87ce-4cfc-9000-81d3bd8a32a0}</UniqueIdentifier>
      <Extensions>cpp;c;cc;cxx;def;odl;idl;hpj;bat;asm;asmx</Extensions>
    </Filter>
    <Filter Include="management">
      <UniqueIdentifier>{db8a3430-0759-4521-b1c4-3a54a7982dbe}</UniqueIdentifier>
    </Filter>
    <Filter Include="config">
      <UniqueIdentifier>{1ef73a08-0bf9-43fd-a993-e89ddf728bca}</UniqueIdentifier>
    </Filter>
    <Filter Include="config\header">
      <UniqueIdentifier>{2a9ef8d7-251c-42b3-9d48-b1de5e4eea6c}</UniqueIdentifier>
    </Filter>
    <Filter Include="config\source">
      <UniqueIdentifier>{74b21982-b2e8-4edf-9736-a64fe4f15db4}</UniqueIdentifier>
    </Filter>
    <Filter Include="management\header">
      <UniqueIdentifier>{1977162e-941e-4830-897c-6f5f9e48bd2a}</UniqueIdentifier>
    </Filter>
    <Filter Include="management\source">
      <UniqueIdentifier>{90908eb7-ec64-40b2-aff2-a99bc208f526}</UniqueIdentifier>
    </Filter>
    <Filter Include="connection">
      <UniqueIdentifier>{d18e222c-a964-4c1b-af76-c7e6c7c79696}</UniqueIdentifier>
    </Filter>
    <Filter Include="connection\header">
      <UniqueIdentifier>{59c1c582-bece-4678-8894-1f186df97c5b}</UniqueIdentifier>
      <Extensions>h;hh;hpp;hxx;hm;inl;inc;xsd</Extensions>
    </Filter>
    <Filter Include="connection\source">
      <UniqueIdentifier>{4d8737a4-6736-4d31-803f-f0f98e318ba5}</UniqueIdentifier>
      <Extensions>cpp;c;cc;cxx;def;odl;idl;hpj;bat;asm;asmx</Extensions>
    </Filter>
    <Filter Include="peripheral\display">
      <UniqueIdentifier>{ac05197b-c4ed-4e50-911c-186c75607164}</UniqueIdentifier>
    </Filter>
  </ItemGroup>
  <ItemGroup>
    <None Include="trackPlatform.ino" />
  </ItemGroup>
  <ItemGroup>
    <ClInclude Include="__vm\.trackPlatform.vsarduino.h">
      <Filter>Header Files</Filter>
    </ClInclude>
    <ClInclude Include="__vm\.Arduino.vsarduino.h">
      <Filter>Header Files</Filter>
    </ClInclude>
    <ClInclude Include="resource.h">
      <Filter>Header Files</Filter>
    </ClInclude>
    <ClInclude Include="utils\Timer.h">
      <Filter>utils\header</Filter>
    </ClInclude>
    <ClInclude Include="utils\Vector.h">
      <Filter>utils\header</Filter>
    </ClInclude>
    <ClInclude Include="peripheral\SensorManager.h">
      <Filter>peripheral\header</Filter>
    </ClInclude>
    <ClInclude Include="peripheral\EngineManager.h">
      <Filter>peripheral\header</Filter>
    </ClInclude>
    <ClInclude Include="peripheral\ServoManager.h">
      <Filter>peripheral\header</Filter>
    </ClInclude>
    <ClInclude Include="peripheral\DistanceSensorManager.h">
      <Filter>peripheral\header</Filter>
    </ClInclude>
    <ClInclude Include="peripheral\LineSensorManager.h">
      <Filter>peripheral\header</Filter>
    </ClInclude>
    <ClInclude Include="peripheral\IBasicSensorManager.h">
      <Filter>peripheral\header</Filter>
    </ClInclude>
    <ClInclude Include="config\CommandsEnum.h">
      <Filter>config\header</Filter>
    </ClInclude>
    <ClInclude Include="config\Constants.h">
      <Filter>config\header</Filter>
    </ClInclude>
    <ClInclude Include="management\MainManager.h">
      <Filter>management\header</Filter>
    </ClInclude>
    <ClInclude Include="connection\Bluetooth.h">
      <Filter>connection\header</Filter>
    </ClInclude>
    <ClInclude Include="connection\USB.h">
      <Filter>connection\header</Filter>
    </ClInclude>
    <ClInclude Include="connection\DebugSerial.h">
      <Filter>connection</Filter>
    </ClInclude>
    <ClInclude Include="connection\IConnector.h">
      <Filter>connection\header</Filter>
    </ClInclude>
    <ClInclude Include="connection\ConnectionManager.h">
      <Filter>connection\header</Filter>
    </ClInclude>
    <ClInclude Include="utils\ErrorManager.h">
      <Filter>utils\header</Filter>
    </ClInclude>
    <ClInclude Include="management\CommandManager.h">
      <Filter>management\header</Filter>
    </ClInclude>
    <ClInclude Include="utils\Converter.h">
      <Filter>utils\header</Filter>
    </ClInclude>
    <ClInclude Include="connection\WiFi_my.h">
      <Filter>connection\header</Filter>
    </ClInclude>
    <ClInclude Include="peripheral\SharpIR.h">
      <Filter>peripheral\header</Filter>
    </ClInclude>
    <ClInclude Include="management\ProcessingStatusEnum.h">
      <Filter>management\header</Filter>
    </ClInclude>
    <ClInclude Include="peripheral\SectorStateEnum.h">
      <Filter>peripheral\header</Filter>
    </ClInclude>
    <ClInclude Include="peripheral\display\DisplayManager.h">
      <Filter>peripheral\display</Filter>
    </ClInclude>
    <ClInclude Include="peripheral\display\DisplayStateEnum.h">
      <Filter>peripheral\display</Filter>
    </ClInclude>
    <ClInclude Include="peripheral\display\FillDisplaySector.h">
      <Filter>peripheral\display</Filter>
    </ClInclude>
    <ClInclude Include="peripheral\display\HardwareSectorInfoSaver.h">
      <Filter>peripheral\display</Filter>
    </ClInclude>
    <ClInclude Include="peripheral\display\MainSectorManager.h">
      <Filter>peripheral\display</Filter>
    </ClInclude>
    <ClInclude Include="peripheral\display\ProcessingStatusEnum.h">
      <Filter>peripheral\display</Filter>
    </ClInclude>
    <ClInclude Include="peripheral\display\SectorInfoSaver.h">
      <Filter>peripheral\display</Filter>
    </ClInclude>
    <ClInclude Include="peripheral\display\StateDisplaySector.h">
      <Filter>peripheral\display</Filter>
    </ClInclude>
    <ClInclude Include="peripheral\display\StringDisplaySector.h">
      <Filter>peripheral\display</Filter>
    </ClInclude>
    <ClInclude Include="peripheral\display\ToggleImageDisplaySector.h">
      <Filter>peripheral\display</Filter>
    </ClInclude>
    <ClInclude Include="peripheral\display\ToggleManager.h">
      <Filter>peripheral\display</Filter>
    </ClInclude>
    <ClInclude Include="peripheral\display\ToggleStatesEnum.h">
      <Filter>peripheral\display</Filter>
    </ClInclude>
    <ClInclude Include="peripheral\display\BasicDisplaySector.h">
      <Filter>peripheral\display</Filter>
    </ClInclude>
    <ClInclude Include="peripheral\display\ConnectionSectorManager.h">
      <Filter>peripheral\display</Filter>
    </ClInclude>
    <ClInclude Include="peripheral\display\Adafruit.h">
      <Filter>peripheral\display</Filter>
    </ClInclude>
    <ClInclude Include="connection\ConnectorEnum.h">
      <Filter>connection\header</Filter>
    </ClInclude>
    <ClInclude Include="config\ImageConfiguration.h">
      <Filter>config\header</Filter>
    </ClInclude>
    <ClInclude Include="peripheral\display\WiFiSectorInfoSaver.h">
      <Filter>peripheral\display</Filter>
    </ClInclude>
    <ClInclude Include="peripheral\display\DebugSectorInfoSaver.h">
      <Filter>peripheral\display</Filter>
    </ClInclude>
    <ClInclude Include="peripheral\display\BluetoothSectorInfoSaver.h">
      <Filter>peripheral\display</Filter>
    </ClInclude>
  </ItemGroup>
  <ItemGroup>
    <ClCompile Include="utils\Timer.cpp">
      <Filter>utils\source</Filter>
    </ClCompile>
    <ClCompile Include="peripheral\SensorManager.cpp">
      <Filter>peripheral\source</Filter>
    </ClCompile>
    <ClCompile Include="peripheral\EngineManager.cpp">
      <Filter>peripheral\source</Filter>
    </ClCompile>
    <ClCompile Include="peripheral\ServoManager.cpp">
      <Filter>peripheral\source</Filter>
    </ClCompile>
    <ClCompile Include="peripheral\LineSensorManager.cpp">
      <Filter>peripheral\source</Filter>
    </ClCompile>
    <ClCompile Include="peripheral\DistanceSensorManager.cpp">
      <Filter>peripheral\source</Filter>
    </ClCompile>
    <ClCompile Include="config\Constants.cpp">
      <Filter>config\source</Filter>
    </ClCompile>
    <ClCompile Include="management\MainManager.cpp">
      <Filter>management\source</Filter>
    </ClCompile>
    <ClCompile Include="connection\Bluetooth.cpp">
      <Filter>connection\source</Filter>
    </ClCompile>
    <ClCompile Include="connection\USB.cpp">
      <Filter>connection\source</Filter>
    </ClCompile>
    <ClCompile Include="connection\DebugSerial.cpp">
      <Filter>connection</Filter>
    </ClCompile>
    <ClCompile Include="connection\IConnector.cpp">
      <Filter>connection\source</Filter>
    </ClCompile>
    <ClCompile Include="connection\ConnectionManager.cpp">
      <Filter>connection\source</Filter>
    </ClCompile>
    <ClCompile Include="utils\ErrorManager.cpp">
      <Filter>utils\source</Filter>
    </ClCompile>
    <ClCompile Include="management\CommandManager.cpp">
      <Filter>management\source</Filter>
    </ClCompile>
    <ClCompile Include="utils\Converter.cpp">
      <Filter>utils\source</Filter>
    </ClCompile>
    <ClCompile Include="connection\WiFi_my.cpp">
      <Filter>connection\source</Filter>
    </ClCompile>
    <ClCompile Include="peripheral\SharpIR.cpp">
      <Filter>peripheral\source</Filter>
    </ClCompile>
    <ClCompile Include="peripheral\display\DisplayManager.cpp">
      <Filter>peripheral\display</Filter>
    </ClCompile>
    <ClCompile Include="peripheral\display\FillDisplaySector.cpp">
      <Filter>peripheral\display</Filter>
    </ClCompile>
    <ClCompile Include="peripheral\display\HardwareSectorInfoSaver.cpp">
      <Filter>peripheral\display</Filter>
    </ClCompile>
    <ClCompile Include="peripheral\display\MainSectorManager.cpp">
      <Filter>peripheral\display</Filter>
    </ClCompile>
    <ClCompile Include="peripheral\display\SectorInfoSaver.cpp">
      <Filter>peripheral\display</Filter>
    </ClCompile>
    <ClCompile Include="peripheral\display\StateDisplaySector.cpp">
      <Filter>peripheral\display</Filter>
    </ClCompile>
    <ClCompile Include="peripheral\display\StringDisplaySector.cpp">
      <Filter>peripheral\display</Filter>
    </ClCompile>
    <ClCompile Include="peripheral\display\ToggleImageDisplaySector.cpp">
      <Filter>peripheral\display</Filter>
    </ClCompile>
    <ClCompile Include="peripheral\display\ToggleManager.cpp">
      <Filter>peripheral\display</Filter>
    </ClCompile>
    <ClCompile Include="peripheral\display\BasicDisplaySector.cpp">
      <Filter>peripheral\display</Filter>
    </ClCompile>
    <ClCompile Include="peripheral\display\ConnectionSectorManager.cpp">
      <Filter>peripheral\display</Filter>
    </ClCompile>
    <ClCompile Include="peripheral\display\WiFiSectorInfoSaver.cpp">
      <Filter>peripheral\display</Filter>
    </ClCompile>
    <ClCompile Include="peripheral\display\DebugSectorInfoSaver.cpp">
      <Filter>peripheral\display</Filter>
    </ClCompile>
    <ClCompile Include="peripheral\display\BluetoothSectorInfoSaver.cpp">
      <Filter>peripheral\display</Filter>
    </ClCompile>
  </ItemGroup>
  <ItemGroup>
    <ResourceCompile Include="trackPlatform.rc">
      <Filter>Resource Files</Filter>
    </ResourceCompile>
  </ItemGroup>
</Project>