<?xml version="1.0" encoding="utf-8"?>
<Project ToolsVersion="4.0" xmlns="http://schemas.microsoft.com/developer/msbuild/2003">
  <ItemGroup>
    <Filter Include="Source Files">
      <UniqueIdentifier>{4FC737F1-C7A5-4376-A066-2A32D752A2FF}</UniqueIdentifier>
      <Extensions>cpp;c;cc;cxx;def;odl;idl;hpj;bat;asm;asmx</Extensions>
    </Filter>
    <Filter Include="Header Files">
      <UniqueIdentifier>{93995380-89BD-4b04-88EB-625FBE52EBFB}</UniqueIdentifier>
      <Extensions>h;hh;hpp;hxx;hm;inl;inc;xsd</Extensions>
    </Filter>
    <Filter Include="Resource Files">
      <UniqueIdentifier>{67DA6AB6-F800-4c08-8B7A-83BB121AAD01}</UniqueIdentifier>
      <Extensions>rc;ico;cur;bmp;dlg;rc2;rct;bin;rgs;gif;jpg;jpeg;jpe;resx;tiff;tif;png;wav;mfcribbon-ms</Extensions>
    </Filter>
    <Filter Include="connectors">
      <UniqueIdentifier>{d18e222c-a964-4c1b-af76-c7e6c7c79696}</UniqueIdentifier>
    </Filter>
    <Filter Include="connectors\header">
      <UniqueIdentifier>{59c1c582-bece-4678-8894-1f186df97c5b}</UniqueIdentifier>
      <Extensions>h;hh;hpp;hxx;hm;inl;inc;xsd</Extensions>
    </Filter>
    <Filter Include="connectors\source">
      <UniqueIdentifier>{4d8737a4-6736-4d31-803f-f0f98e318ba5}</UniqueIdentifier>
      <Extensions>cpp;c;cc;cxx;def;odl;idl;hpj;bat;asm;asmx</Extensions>
    </Filter>
    <Filter Include="peripheral">
      <UniqueIdentifier>{8e5e8e86-61de-4400-bc87-9882d23f80b0}</UniqueIdentifier>
    </Filter>
    <Filter Include="peripheral\header">
      <UniqueIdentifier>{5a05d265-b32e-4399-9fbd-931b3b0be584}</UniqueIdentifier>
      <Extensions>h;hh;hpp;hxx;hm;inl;inc;xsd</Extensions>
    </Filter>
    <Filter Include="peripheral\source">
      <UniqueIdentifier>{0331c73c-5716-43bd-a435-2ed6e0b5999b}</UniqueIdentifier>
      <Extensions>cpp;c;cc;cxx;def;odl;idl;hpj;bat;asm;asmx</Extensions>
    </Filter>
    <Filter Include="utils">
      <UniqueIdentifier>{7492051d-9540-415b-b623-46b80c5f0577}</UniqueIdentifier>
    </Filter>
    <Filter Include="utils\header">
      <UniqueIdentifier>{9ab2f623-714d-45f8-bddf-f73617228341}</UniqueIdentifier>
      <Extensions>h;hh;hpp;hxx;hm;inl;inc;xsd</Extensions>
    </Filter>
    <Filter Include="utils\source">
      <UniqueIdentifier>{764c9bee-87ce-4cfc-9000-81d3bd8a32a0}</UniqueIdentifier>
      <Extensions>cpp;c;cc;cxx;def;odl;idl;hpj;bat;asm;asmx</Extensions>
    </Filter>
  </ItemGroup>
  <ItemGroup>
    <None Include="trackPlatform.ino" />
  </ItemGroup>
  <ItemGroup>
    <ClInclude Include="__vm\.trackPlatform.vsarduino.h">
      <Filter>Header Files</Filter>
    </ClInclude>
    <ClInclude Include="Constants.h">
      <Filter>Header Files</Filter>
    </ClInclude>
    <ClInclude Include="__vm\.Arduino.vsarduino.h">
      <Filter>Header Files</Filter>
    </ClInclude>
    <ClInclude Include="CommandsController.h">
      <Filter>Header Files</Filter>
    </ClInclude>
    <ClInclude Include="resource.h">
      <Filter>Header Files</Filter>
    </ClInclude>
    <ClInclude Include="CommandsEnum.h">
      <Filter>Header Files</Filter>
    </ClInclude>
    <ClInclude Include="connectors\WiFi.h">
      <Filter>connectors\header</Filter>
    </ClInclude>
    <ClInclude Include="connectors\Bluetooth.h">
      <Filter>connectors\header</Filter>
    </ClInclude>
    <ClInclude Include="connectors\ConnectingDevice.h">
      <Filter>connectors\header</Filter>
    </ClInclude>
    <ClInclude Include="peripheral\SensorsController.h">
      <Filter>peripheral\header</Filter>
    </ClInclude>
    <ClInclude Include="peripheral\ServoController.h">
      <Filter>peripheral\header</Filter>
    </ClInclude>
    <ClInclude Include="peripheral\MainController.h">
      <Filter>peripheral\header</Filter>
    </ClInclude>
    <ClInclude Include="connectors\USB.h">
      <Filter>connectors\header</Filter>
    </ClInclude>
    <ClInclude Include="connectors\DebugSerial.h">
      <Filter>connectors</Filter>
    </ClInclude>
    <ClInclude Include="utils\Timer.h">
      <Filter>utils\header</Filter>
    </ClInclude>
    <ClInclude Include="peripheral\ConnectionController.h">
      <Filter>peripheral\header</Filter>
    </ClInclude>
    <ClInclude Include="utils\Vector.h">
      <Filter>utils\header</Filter>
    </ClInclude>
    <ClInclude Include="peripheral\EngineManager.h">
      <Filter>peripheral\header</Filter>
    </ClInclude>
  </ItemGroup>
  <ItemGroup>
    <ClCompile Include="Constants.cpp">
      <Filter>Source Files</Filter>
    </ClCompile>
    <ClCompile Include="CommandsController.cpp">
      <Filter>Source Files</Filter>
    </ClCompile>
    <ClCompile Include="connectors\Bluetooth.cpp">
      <Filter>connectors\source</Filter>
    </ClCompile>
    <ClCompile Include="connectors\ConnectingDevice.cpp">
      <Filter>connectors\source</Filter>
    </ClCompile>
    <ClCompile Include="connectors\WiFi.cpp">
      <Filter>connectors\source</Filter>
    </ClCompile>
    <ClCompile Include="peripheral\ServoController.cpp">
      <Filter>peripheral\source</Filter>
    </ClCompile>
    <ClCompile Include="peripheral\MainController.cpp">
      <Filter>peripheral\source</Filter>
    </ClCompile>
    <ClCompile Include="peripheral\SensorsController.cpp">
      <Filter>peripheral\source</Filter>
    </ClCompile>
    <ClCompile Include="connectors\USB.cpp">
      <Filter>connectors\source</Filter>
    </ClCompile>
    <ClCompile Include="connectors\DebugSerial.cpp">
      <Filter>connectors</Filter>
    </ClCompile>
    <ClCompile Include="utils\Timer.cpp">
      <Filter>utils\source</Filter>
    </ClCompile>
    <ClCompile Include="peripheral\ConnectionController.cpp">
      <Filter>peripheral\source</Filter>
    </ClCompile>
    <ClCompile Include="peripheral\EngineManager.cpp">
      <Filter>peripheral\source</Filter>
    </ClCompile>
  </ItemGroup>
  <ItemGroup>
    <ResourceCompile Include="trackPlatform.rc">
      <Filter>Resource Files</Filter>
    </ResourceCompile>
  </ItemGroup>
</Project>