<?xml version="1.0" encoding="utf-8"?>
<Project ToolsVersion="4.0" xmlns="http://schemas.microsoft.com/developer/msbuild/2003">
  <ItemGroup>
    <Filter Include="Source Files">
      <UniqueIdentifier>{4FC737F1-C7A5-4376-A066-2A32D752A2FF}</UniqueIdentifier>
      <Extensions>cpp;c;cc;cxx;def;odl;idl;hpj;bat;asm;asmx</Extensions>
    </Filter>
    <Filter Include="Header Files">
      <UniqueIdentifier>{93995380-89BD-4b04-88EB-625FBE52EBFB}</UniqueIdentifier>
      <Extensions>h;hh;hpp;hxx;hm;inl;inc;xsd</Extensions>
    </Filter>
    <Filter Include="Resource Files">
      <UniqueIdentifier>{67DA6AB6-F800-4c08-8B7A-83BB121AAD01}</UniqueIdentifier>
      <Extensions>rc;ico;cur;bmp;dlg;rc2;rct;bin;rgs;gif;jpg;jpeg;jpe;resx;tiff;tif;png;wav;mfcribbon-ms</Extensions>
    </Filter>
    <Filter Include="serial_support">
      <UniqueIdentifier>{de9cad78-f264-4652-87a0-7f8536f7ef0c}</UniqueIdentifier>
    </Filter>
    <Filter Include="serial_support\header">
      <UniqueIdentifier>{7f55ad7e-608f-469d-8efc-4fbaa0e120fd}</UniqueIdentifier>
    </Filter>
    <Filter Include="serial_support\source">
      <UniqueIdentifier>{a897fa9d-d634-41b6-a441-71b4a660fa92}</UniqueIdentifier>
    </Filter>
    <Filter Include="Communication">
      <UniqueIdentifier>{09716c3b-089b-4880-b137-c4da5ccc81f8}</UniqueIdentifier>
    </Filter>
    <Filter Include="Communication\header">
      <UniqueIdentifier>{619f9cf3-95aa-4cd8-9da7-8054ec8ca353}</UniqueIdentifier>
    </Filter>
    <Filter Include="Communication\source">
      <UniqueIdentifier>{8cb6d371-6c98-4f8c-ace2-6e3059467355}</UniqueIdentifier>
    </Filter>
    <Filter Include="exceptions">
      <UniqueIdentifier>{c8707437-f967-4f30-b1b5-cde6082dca67}</UniqueIdentifier>
    </Filter>
    <Filter Include="exceptions\header">
      <UniqueIdentifier>{20cccc26-6e34-4b3e-8ed5-4d44cbf4c28e}</UniqueIdentifier>
    </Filter>
    <Filter Include="exceptions\source">
      <UniqueIdentifier>{42cc74a7-2d02-4a96-828e-2b504625d84d}</UniqueIdentifier>
    </Filter>
    <Filter Include="libcrc">
      <UniqueIdentifier>{cdbc6cec-ccb7-4c9c-a1a5-6fdbe56204dc}</UniqueIdentifier>
    </Filter>
    <Filter Include="libcrc\header">
      <UniqueIdentifier>{fda69c34-400a-4e92-b382-d41dca8e6dc8}</UniqueIdentifier>
    </Filter>
    <Filter Include="libcrc\source">
      <UniqueIdentifier>{008c4554-de8a-4ef6-97a6-8b56e109ec79}</UniqueIdentifier>
    </Filter>
  </ItemGroup>
  <ItemGroup>
    <ClInclude Include="TrackPlatform_BasicManagement.h">
      <Filter>Header Files</Filter>
    </ClInclude>
    <ClInclude Include="CommandsEnum.h">
      <Filter>Header Files</Filter>
    </ClInclude>
    <ClInclude Include="serial_support\include\serial\impl\win.h">
      <Filter>serial_support\header</Filter>
    </ClInclude>
    <ClInclude Include="serial_support\include\serial\serial.h">
      <Filter>serial_support\header</Filter>
    </ClInclude>
    <ClInclude Include="serial_support\include\serial\v8stdint.h">
      <Filter>serial_support\header</Filter>
    </ClInclude>
    <ClInclude Include="TrackPlatform_Manager.h">
      <Filter>Header Files</Filter>
    </ClInclude>
    <ClInclude Include="SerialConnector.h">
      <Filter>Communication\header</Filter>
    </ClInclude>
    <ClInclude Include="TrackPlatform_BasicConnector.h">
      <Filter>Communication\header</Filter>
    </ClInclude>
    <ClInclude Include="ConnectionModes.h">
      <Filter>Communication\header</Filter>
    </ClInclude>
    <ClInclude Include="TrackPlatformException.h">
      <Filter>exceptions\header</Filter>
    </ClInclude>
    <ClInclude Include="WSAStartupException.h">
      <Filter>exceptions\header</Filter>
    </ClInclude>
    <ClInclude Include="BadAddressOrPortException.h">
      <Filter>exceptions\header</Filter>
    </ClInclude>
    <ClInclude Include="SocketException.h">
      <Filter>exceptions\header</Filter>
    </ClInclude>
    <ClInclude Include="SocketShutdownException.h">
      <Filter>exceptions\header</Filter>
    </ClInclude>
    <ClInclude Include="SocketSendException.h">
      <Filter>exceptions\header</Filter>
    </ClInclude>
    <ClInclude Include="trackPlatformAllExceptions.h">
      <Filter>exceptions</Filter>
    </ClInclude>
    <ClInclude Include="SocketReceiveException.h">
      <Filter>exceptions\header</Filter>
    </ClInclude>
    <ClInclude Include="TCPIP_Connector.h">
      <Filter>Communication\header</Filter>
    </ClInclude>
    <ClInclude Include="CommunicationInfoStruct.h">
      <Filter>Communication</Filter>
    </ClInclude>
    <ClInclude Include="Logger.h">
      <Filter>Header Files</Filter>
    </ClInclude>
    <ClInclude Include="CannotConnectToArduinoException.h">
      <Filter>exceptions\header</Filter>
    </ClInclude>
    <ClInclude Include="CorruptedAnswerException.h">
      <Filter>exceptions\header</Filter>
    </ClInclude>
    <ClInclude Include="NoConnectionException.h">
      <Filter>exceptions\header</Filter>
    </ClInclude>
    <ClInclude Include="AutoConnector.h">
      <Filter>Communication\header</Filter>
    </ClInclude>
    <ClInclude Include="libcrc\include\checksum.h">
      <Filter>libcrc\header</Filter>
    </ClInclude>
    <ClInclude Include="TimeoutException.h">
      <Filter>exceptions\header</Filter>
    </ClInclude>
  </ItemGroup>
  <ItemGroup>
    <ClCompile Include="TrackPlatform_BasicManagement.cpp">
      <Filter>Source Files</Filter>
    </ClCompile>
    <ClCompile Include="serial_support\src\impl\list_ports\list_ports_win.cc">
      <Filter>serial_support\source</Filter>
    </ClCompile>
    <ClCompile Include="serial_support\src\serial.cc">
      <Filter>serial_support\source</Filter>
    </ClCompile>
    <ClCompile Include="serial_support\src\impl\win.cc">
      <Filter>serial_support\source</Filter>
    </ClCompile>
    <ClCompile Include="TrackPlatform_Manager.cpp">
      <Filter>Source Files</Filter>
    </ClCompile>
    <ClCompile Include="SerialConnector.cpp">
      <Filter>Communication\source</Filter>
    </ClCompile>
    <ClCompile Include="TrackPlatform_BasicConnector.cpp">
      <Filter>Communication\source</Filter>
    </ClCompile>
    <ClCompile Include="TrackPlatformException.cpp">
      <Filter>exceptions\source</Filter>
    </ClCompile>
    <ClCompile Include="TCPIP_Connector.cpp">
      <Filter>Communication\source</Filter>
    </ClCompile>
    <ClCompile Include="Logger.cpp">
      <Filter>Source Files</Filter>
    </ClCompile>
    <ClCompile Include="AutoConnector.cpp">
      <Filter>Communication\source</Filter>
    </ClCompile>
    <ClCompile Include="libcrc\src\crc32.c">
      <Filter>libcrc\source</Filter>
    </ClCompile>
    <ClCompile Include="libcrc\src\crcccitt.c">
      <Filter>libcrc\source</Filter>
    </ClCompile>
    <ClCompile Include="libcrc\src\crcdnp.c">
      <Filter>libcrc\source</Filter>
    </ClCompile>
    <ClCompile Include="libcrc\src\crckrmit.c">
      <Filter>libcrc\source</Filter>
    </ClCompile>
    <ClCompile Include="libcrc\src\crcsick.c">
      <Filter>libcrc\source</Filter>
    </ClCompile>
    <ClCompile Include="libcrc\src\nmea-chk.c">
      <Filter>libcrc\source</Filter>
    </ClCompile>
    <ClCompile Include="libcrc\src\crc8.c">
      <Filter>libcrc\source</Filter>
    </ClCompile>
    <ClCompile Include="libcrc\src\crc16.c">
      <Filter>libcrc\source</Filter>
    </ClCompile>
  </ItemGroup>
</Project>