
Microsoft Visual Studio Solution File, Format Version 12.00
# Visual Studio 15
VisualStudioVersion = 15.0.27428.2011
MinimumVisualStudioVersion = 10.0.40219.1
Project("{FAE04EC0-301F-11D3-BF4B-00C04F79EFBC}") = "cs_app", "cs_app\cs_app.csproj", "{ED4BC05A-DBA5-4AEA-9468-3B07947514AA}"
	ProjectSection(ProjectDependencies) = postProject
		{8F5424EF-A0F9-452C-A609-0D9E18F5863E} = {8F5424EF-A0F9-452C-A609-0D9E18F5863E}
	EndProjectSection
EndProject
Project("{FAE04EC0-301F-11D3-BF4B-00C04F79EFBC}") = "cs_api", "..\cs_api\cs_api\cs_api.csproj", "{8F5424EF-A0F9-452C-A609-0D9E18F5863E}"
EndProject
Global
	GlobalSection(SolutionConfigurationPlatforms) = preSolution
		Debug|Any CPU = Debug|Any CPU
		Release|Any CPU = Release|Any CPU
	EndGlobalSection
	GlobalSection(ProjectConfigurationPlatforms) = postSolution
		{ED4BC05A-DBA5-4AEA-9468-3B07947514AA}.Debug|Any CPU.ActiveCfg = Debug|Any CPU
		{ED4BC05A-DBA5-4AEA-9468-3B07947514AA}.Debug|Any CPU.Build.0 = Debug|Any CPU
		{ED4BC05A-DBA5-4AEA-9468-3B07947514AA}.Release|Any CPU.ActiveCfg = Release|Any CPU
		{ED4BC05A-DBA5-4AEA-9468-3B07947514AA}.Release|Any CPU.Build.0 = Release|Any CPU
		{8F5424EF-A0F9-452C-A609-0D9E18F5863E}.Debug|Any CPU.ActiveCfg = Debug|Any CPU
		{8F5424EF-A0F9-452C-A609-0D9E18F5863E}.Debug|Any CPU.Build.0 = Debug|Any CPU
		{8F5424EF-A0F9-452C-A609-0D9E18F5863E}.Release|Any CPU.ActiveCfg = Release|Any CPU
		{8F5424EF-A0F9-452C-A609-0D9E18F5863E}.Release|Any CPU.Build.0 = Release|Any CPU
	EndGlobalSection
	GlobalSection(SolutionProperties) = preSolution
		HideSolutionNode = FALSE
	EndGlobalSection
	GlobalSection(ExtensibilityGlobals) = postSolution
		SolutionGuid = {5AD8AC52-7939-429E-B9AB-CCE32F9230E6}
	EndGlobalSection
EndGlobal
