
Microsoft Visual Studio Solution File, Format Version 12.00
# Visual Studio 15
VisualStudioVersion = 15.0.26430.13
MinimumVisualStudioVersion = 10.0.40219.1
Project("{8BC9CEB8-8B4A-11D0-8D11-00A0C91BC942}") = "cxx-app", "cxx-app.vcxproj", "{F92E7862-33C4-48B8-A055-3EE00352161F}"
	ProjectSection(ProjectDependencies) = postProject
		{32D3778A-E59E-4DBC-8D86-BD23B708CA12} = {32D3778A-E59E-4DBC-8D86-BD23B708CA12}
	EndProjectSection
EndProject
Project("{8BC9CEB8-8B4A-11D0-8D11-00A0C91BC942}") = "cxx-api", "..\cxx-api\cxx-api.vcxproj", "{32D3778A-E59E-4DBC-8D86-BD23B708CA12}"
EndProject
Global
	GlobalSection(SolutionConfigurationPlatforms) = preSolution
		Debug|x64 = Debug|x64
		Debug|x86 = Debug|x86
		Release|x64 = Release|x64
		Release|x86 = Release|x86
	EndGlobalSection
	GlobalSection(ProjectConfigurationPlatforms) = postSolution
		{F92E7862-33C4-48B8-A055-3EE00352161F}.Debug|x64.ActiveCfg = Debug|x64
		{F92E7862-33C4-48B8-A055-3EE00352161F}.Debug|x64.Build.0 = Debug|x64
		{F92E7862-33C4-48B8-A055-3EE00352161F}.Debug|x86.ActiveCfg = Debug|Win32
		{F92E7862-33C4-48B8-A055-3EE00352161F}.Debug|x86.Build.0 = Debug|Win32
		{F92E7862-33C4-48B8-A055-3EE00352161F}.Release|x64.ActiveCfg = Release|x64
		{F92E7862-33C4-48B8-A055-3EE00352161F}.Release|x64.Build.0 = Release|x64
		{F92E7862-33C4-48B8-A055-3EE00352161F}.Release|x86.ActiveCfg = Release|Win32
		{F92E7862-33C4-48B8-A055-3EE00352161F}.Release|x86.Build.0 = Release|Win32
		{32D3778A-E59E-4DBC-8D86-BD23B708CA12}.Debug|x64.ActiveCfg = Debug|x64
		{32D3778A-E59E-4DBC-8D86-BD23B708CA12}.Debug|x64.Build.0 = Debug|x64
		{32D3778A-E59E-4DBC-8D86-BD23B708CA12}.Debug|x86.ActiveCfg = Debug|Win32
		{32D3778A-E59E-4DBC-8D86-BD23B708CA12}.Debug|x86.Build.0 = Debug|Win32
		{32D3778A-E59E-4DBC-8D86-BD23B708CA12}.Release|x64.ActiveCfg = Release|x64
		{32D3778A-E59E-4DBC-8D86-BD23B708CA12}.Release|x64.Build.0 = Release|x64
		{32D3778A-E59E-4DBC-8D86-BD23B708CA12}.Release|x86.ActiveCfg = Release|Win32
		{32D3778A-E59E-4DBC-8D86-BD23B708CA12}.Release|x86.Build.0 = Release|Win32
	EndGlobalSection
	GlobalSection(SolutionProperties) = preSolution
		HideSolutionNode = FALSE
	EndGlobalSection
EndGlobal
